{
  "nodes": {
    "flake-utils": {
      "inputs": {
        "systems": "systems"
      },
      "locked": {
        "lastModified": 1694529238,
        "narHash": "sha256-zsNZZGTGnMOf9YpHKJqMSsa0dXbfmxeoJ7xHlrt+xmY=",
        "owner": "numtide",
        "repo": "flake-utils",
        "rev": "ff7b65b44d01cf9ba6a71320833626af21126384",
        "type": "github"
      },
      "original": {
        "owner": "numtide",
        "repo": "flake-utils",
        "type": "github"
      }
    },
    "flake-utils_2": {
      "inputs": {
        "systems": "systems_2"
      },
      "locked": {
        "lastModified": 1731533236,
        "narHash": "sha256-l0KFg5HjrsfsO/JpG+r7fRrqm12kzFHyUHqHCVpMMbI=",
        "owner": "numtide",
        "repo": "flake-utils",
        "rev": "11707dc2f618dd54ca8739b309ec4fc024de578b",
        "type": "github"
      },
      "original": {
        "owner": "numtide",
        "repo": "flake-utils",
        "type": "github"
      }
    },
    "home-manager": {
      "inputs": {
        "nixpkgs": [
          "nixpkgs"
        ]
      },
      "locked": {
        "lastModified": 1778937626,
        "narHash": "sha256-OzLAT0G96WlT/WWaNdkTvQ7E9ohq9h0xQTdL1oe3gm0=",
        "owner": "nix-community",
        "repo": "home-manager",
        "rev": "d5ece85b6d3d6b5ab5a514b2785fb952b629bfea",
        "type": "github"
      },
      "original": {
        "owner": "nix-community",
        "repo": "home-manager",
        "type": "github"
      }
    },
    "nixpkgs": {
      "locked": {
        "lastModified": 1778794387,
        "narHash": "sha256-BL04pOS9453Awkeb9f90XBJXBSkWxN+vB7HIgnL0iMM=",
        "owner": "nixos",
        "repo": "nixpkgs",
        "rev": "8a1b0127302ea51e05bf4ea5a291743fac442406",
        "type": "github"
      },
      "original": {
        "owner": "nixos",
        "ref": "nixpkgs-unstable",
        "repo": "nixpkgs",
        "type": "github"
      }
    },
    "peridot": {
      "inputs": {
        "nixpkgs": [
          "nixpkgs"
        ]
      },
      "locked": {
        "lastModified": 1778952995,
        "narHash": "sha256-fM8VUqmLAdtguUA78/xsj6f0B7xXcGEeJpEnDOP5cq4=",
        "owner": "whonore",
        "repo": "peridot",
        "rev": "1f94fc00bfa7509f155f1ab956e99d0f8c1bead3",
        "type": "github"
      },
      "original": {
        "owner": "whonore",
        "repo": "peridot",
        "type": "github"
      }
    },
    "root": {
      "inputs": {
        "home-manager": "home-manager",
        "nixpkgs": "nixpkgs",
        "peridot": "peridot",
        "solidity-ctags": "solidity-ctags",
        "whonore": "whonore"
      }
    },
    "solidity-ctags": {
      "inputs": {
        "flake-utils": "flake-utils",
        "nixpkgs": [
          "nixpkgs"
        ]
      },
      "locked": {
        "lastModified": 1725139624,
        "narHash": "sha256-P2y3Vi8JAkNQbBsmrkAhDdw4ezy676WcYxLSF/xAmMs=",
        "owner": "whonore",
        "repo": "solidity.ctags",
        "rev": "3811e93b1355e7ea4c529bfb982e3b16d19afbec",
        "type": "github"
      },
      "original": {
        "owner": "whonore",
        "repo": "solidity.ctags",
        "type": "github"
      }
    },
    "systems": {
      "locked": {
        "lastModified": 1681028828,
        "narHash": "sha256-Vy1rq5AaRuLzOxct8nz4T6wlgyUR7zLU309k9mBC768=",
        "owner": "nix-systems",
        "repo": "default",
        "rev": "da67096a3b9bf56a91d16901293e51ba5b49a27e",
        "type": "github"
      },
      "original": {
        "owner": "nix-systems",
        "repo": "default",
        "type": "github"
      }
    },
    "systems_2": {
      "locked": {
        "lastModified": 1681028828,
        "narHash": "sha256-Vy1rq5AaRuLzOxct8nz4T6wlgyUR7zLU309k9mBC768=",
        "owner": "nix-systems",
        "repo": "default",
        "rev": "da67096a3b9bf56a91d16901293e51ba5b49a27e",
        "type": "github"
      },
      "original": {
        "owner": "nix-systems",
        "repo": "default",
        "type": "github"
      }
    },
    "whonore": {
      "inputs": {
        "flake-utils": "flake-utils_2",
        "nixpkgs": [
          "nixpkgs"
        ]
      },
      "locked": {
        "lastModified": 1778952494,
        "narHash": "sha256-XnxtUIoFc8UeIay2TFfV4b6OYgCPC+B7EXiRjPQE2+Y=",
        "owner": "whonore",
        "repo": "flakes",
        "rev": "2da3c35963b07f304f4160da5fb9aa23693f34d3",
        "type": "github"
      },
      "original": {
        "owner": "whonore",
        "repo": "flakes",
        "type": "github"
      }
    }
  },
  "root": "root",
  "version": 7
}
