{
  "nodes": {
    "alejandra": {
      "inputs": {
        "flakeCompat": "flakeCompat",
        "nixpkgs": [
          "nixpkgs"
        ]
      },
      "locked": {
        "lastModified": 1652471974,
        "narHash": "sha256-lc6RGXy1+kouTrLJa62Z4l9KmysBZMezqOH+dFGq0GE=",
        "owner": "kamadorueda",
        "repo": "alejandra",
        "rev": "7acde21fc5fdc653a5b5eef373badc7828316d4f",
        "type": "github"
      },
      "original": {
        "owner": "kamadorueda",
        "repo": "alejandra",
        "type": "github"
      }
    },
    "coq-ctags": {
      "inputs": {
        "nixpkgs": [
          "nixpkgs"
        ]
      },
      "locked": {
        "narHash": "sha256-8DA3+X2+a12bEn8V9VMZGG6xjGdWXSjLeSOk6+DD/L4=",
        "path": "./coq.ctags",
        "type": "path"
      },
      "original": {
        "path": "./coq.ctags",
        "type": "path"
      }
    },
    "flakeCompat": {
      "flake": false,
      "locked": {
        "lastModified": 1648199409,
        "narHash": "sha256-JwPKdC2PoVBkG6E+eWw3j6BMR6sL3COpYWfif7RVb8Y=",
        "owner": "edolstra",
        "repo": "flake-compat",
        "rev": "64a525ee38886ab9028e6f61790de0832aa3ef03",
        "type": "github"
      },
      "original": {
        "owner": "edolstra",
        "repo": "flake-compat",
        "type": "github"
      }
    },
    "home-manager": {
      "inputs": {
        "nixpkgs": [
          "nixpkgs"
        ]
      },
      "locked": {
        "lastModified": 1652452047,
        "narHash": "sha256-O6DI0dMH/5rNM+z9CQ/nqRMNBpNsU7TtLSsafKLZTHY=",
        "owner": "nix-community",
        "repo": "home-manager",
        "rev": "32a7da69dc53c9eb5ad0675eb7fdc58f7fe35272",
        "type": "github"
      },
      "original": {
        "owner": "nix-community",
        "repo": "home-manager",
        "type": "github"
      }
    },
    "nixpkgs": {
      "locked": {
        "lastModified": 1652893244,
        "narHash": "sha256-qXdV2uccQ0tKoiosmV8PV0agiEQuQRZ+nmJadC/ZgnI=",
        "owner": "nixos",
        "repo": "nixpkgs",
        "rev": "ca714e40fbb27e025d81ef8c96c9af0f7782b9a0",
        "type": "github"
      },
      "original": {
        "owner": "nixos",
        "repo": "nixpkgs",
        "type": "github"
      }
    },
    "pash": {
      "inputs": {
        "nixpkgs": [
          "nixpkgs"
        ]
      },
      "locked": {
        "narHash": "sha256-V5zKbbaAnZviMAdLKlbEFI0fyawLTecj/0q1LHkxT88=",
        "path": "./pash",
        "type": "path"
      },
      "original": {
        "path": "./pash",
        "type": "path"
      }
    },
    "peridot": {
      "inputs": {
        "nixpkgs": [
          "nixpkgs"
        ]
      },
      "locked": {
        "lastModified": 1648230654,
        "narHash": "sha256-skfpL/WQQ71i1YdQ30LEJv0/yhvUEGX5ZowLttxOnow=",
        "owner": "whonore",
        "repo": "peridot",
        "rev": "f90bfce06cfc5eb7396d5de4f320a3e97dc920dc",
        "type": "github"
      },
      "original": {
        "owner": "whonore",
        "repo": "peridot",
        "type": "github"
      }
    },
    "root": {
      "inputs": {
        "alejandra": "alejandra",
        "coq-ctags": "coq-ctags",
        "home-manager": "home-manager",
        "nixpkgs": "nixpkgs",
        "pash": "pash",
        "peridot": "peridot",
        "universal-ctags": "universal-ctags"
      }
    },
    "universal-ctags": {
      "inputs": {
        "nixpkgs": [
          "nixpkgs"
        ]
      },
      "locked": {
        "narHash": "sha256-I694JOKzfXBqsflseGBKiibHaai7hz+pB2n6mgA1ZlE=",
        "path": "./universal-ctags",
        "type": "path"
      },
      "original": {
        "path": "./universal-ctags",
        "type": "path"
      }
    }
  },
  "root": "root",
  "version": 7
}
