{
  "nodes": {
    "alejandra": {
      "inputs": {
        "fenix": "fenix",
        "flakeCompat": "flakeCompat",
        "nixpkgs": [
          "nixpkgs"
        ]
      },
      "locked": {
        "lastModified": 1657494821,
        "narHash": "sha256-2edwC0zaITWgm+uh1RVI5r/PRYoGot3GYmDRj9iEhpk=",
        "owner": "kamadorueda",
        "repo": "alejandra",
        "rev": "58bcdf252e9e50639583864e6e821c6053ca8212",
        "type": "github"
      },
      "original": {
        "owner": "kamadorueda",
        "repo": "alejandra",
        "type": "github"
      }
    },
    "coq-ctags": {
      "inputs": {
        "nixpkgs": [
          "nixpkgs"
        ]
      },
      "locked": {
        "narHash": "sha256-YMTw/ltq1cOhfAdRtHAF/Wh1VPUI8WALxYxNvAZfA4U=",
        "path": "./coq.ctags",
        "type": "path"
      },
      "original": {
        "path": "./coq.ctags",
        "type": "path"
      }
    },
    "fenix": {
      "inputs": {
        "nixpkgs": [
          "alejandra",
          "nixpkgs"
        ],
        "rust-analyzer-src": "rust-analyzer-src"
      },
      "locked": {
        "lastModified": 1657434367,
        "narHash": "sha256-GR/3TFaG/77MQEYjvRRueELUrbz10fa68xcU1Ej4Ww0=",
        "owner": "nix-community",
        "repo": "fenix",
        "rev": "a73d841dbc39cdd881ae2ee7cb3991e357f9f9cc",
        "type": "github"
      },
      "original": {
        "owner": "nix-community",
        "repo": "fenix",
        "type": "github"
      }
    },
    "flakeCompat": {
      "flake": false,
      "locked": {
        "lastModified": 1650374568,
        "narHash": "sha256-Z+s0J8/r907g149rllvwhb4pKi8Wam5ij0st8PwAh+E=",
        "owner": "edolstra",
        "repo": "flake-compat",
        "rev": "b4a34015c698c7793d592d66adbab377907a2be8",
        "type": "github"
      },
      "original": {
        "owner": "edolstra",
        "repo": "flake-compat",
        "type": "github"
      }
    },
    "home-manager": {
      "inputs": {
        "nixpkgs": [
          "nixpkgs"
        ]
      },
      "locked": {
        "lastModified": 1656169755,
        "narHash": "sha256-Nlnm4jeQWEGjYrE6hxi/7HYHjBSZ/E0RtjCYifnNsWk=",
        "owner": "nix-community",
        "repo": "home-manager",
        "rev": "4a3d01fb53f52ac83194081272795aa4612c2381",
        "type": "github"
      },
      "original": {
        "owner": "nix-community",
        "ref": "release-22.05",
        "repo": "home-manager",
        "type": "github"
      }
    },
    "nixpkgs": {
      "locked": {
        "lastModified": 1657569144,
        "narHash": "sha256-KrlWJRAWjiYEh+8CyuYLRf9OcS+dT4UCV3KgWqtW3yY=",
        "owner": "nixos",
        "repo": "nixpkgs",
        "rev": "20390cad8a470ba2fffe95524db0a308384f70c0",
        "type": "github"
      },
      "original": {
        "owner": "nixos",
        "repo": "nixpkgs",
        "type": "github"
      }
    },
    "pash": {
      "inputs": {
        "nixpkgs": [
          "nixpkgs"
        ]
      },
      "locked": {
        "narHash": "sha256-kLq8h1s6M5EDTY4CesD16uB23vAbaO7Y8rB2ejE68N8=",
        "path": "./pash",
        "type": "path"
      },
      "original": {
        "path": "./pash",
        "type": "path"
      }
    },
    "peridot": {
      "inputs": {
        "nixpkgs": [
          "nixpkgs"
        ]
      },
      "locked": {
        "lastModified": 1657565736,
        "narHash": "sha256-CeRX0PaviI8noOJ3zFu8SdaJnpTzu6drq1o0+U5Dy7U=",
        "owner": "whonore",
        "repo": "peridot",
        "rev": "44bd53c5217b092c0c54af2c5f164db8537882d7",
        "type": "github"
      },
      "original": {
        "owner": "whonore",
        "repo": "peridot",
        "type": "github"
      }
    },
    "root": {
      "inputs": {
        "alejandra": "alejandra",
        "coq-ctags": "coq-ctags",
        "home-manager": "home-manager",
        "nixpkgs": "nixpkgs",
        "pash": "pash",
        "peridot": "peridot",
        "universal-ctags": "universal-ctags"
      }
    },
    "rust-analyzer-src": {
      "flake": false,
      "locked": {
        "lastModified": 1657398392,
        "narHash": "sha256-HU1+Rql35ouZe0lx1ftCMDDwC9lqN3COudvMe+8XIx0=",
        "owner": "rust-lang",
        "repo": "rust-analyzer",
        "rev": "5342f47f4276641ddb5f0a5e08fb307742d6cdc4",
        "type": "github"
      },
      "original": {
        "owner": "rust-lang",
        "ref": "nightly",
        "repo": "rust-analyzer",
        "type": "github"
      }
    },
    "universal-ctags": {
      "inputs": {
        "nixpkgs": [
          "nixpkgs"
        ]
      },
      "locked": {
        "narHash": "sha256-ZE4eKIviPGf2dE2ZfZ74lkLMryHY6087kyX3cPbxYEk=",
        "path": "./universal-ctags",
        "type": "path"
      },
      "original": {
        "path": "./universal-ctags",
        "type": "path"
      }
    }
  },
  "root": "root",
  "version": 7
}
